schema: '2.0'
stages:
  data_ingesion:
    cmd: python -m src.data.data_ingesion
    deps:
    - path: data/raw/loan_approval_dataset.csv
      hash: md5
      md5: 3d8ecb6acc324137fe4affc13655564f
      size: 384337
    - path: src/data/data_ingesion.py
      hash: md5
      md5: a5005f548e4a833bd44dbf82c1c965a6
      size: 1920
    - path: uttils/logger.py
      hash: md5
      md5: c84e83d207a77382682b82b841b079a9
      size: 1352
    outs:
    - path: data/processed/cleaned_data.csv
      hash: md5
      md5: 0d298a85d797e033c74f8aa2912cf08d
      size: 384157
  feature_engineering_and_model_training:
    cmd: python -m src.features.feature_engineering_and_model_training
    deps:
    - path: data/processed/cleaned_data.csv
      hash: md5
      md5: 0d298a85d797e033c74f8aa2912cf08d
      size: 384157
    - path: src/features/feature_engineering_and_model_training.py
      hash: md5
      md5: 54ef5fbdfcd1a2130549250450b1a184
      size: 5180
    - path: uttils/logger.py
      hash: md5
      md5: c84e83d207a77382682b82b841b079a9
      size: 1352
    outs:
    - path: models/model_pipe.pkl
      hash: md5
      md5: 96582025e2b2d32892685e1ea9da577c
      size: 4217
