schema: '2.0'
stages:
  data_ingesion:
    cmd: python -m src.data.data_ingesion
    deps:
    - path: data/raw/loan_approval_dataset.csv
      hash: md5
      md5: 3d8ecb6acc324137fe4affc13655564f
      size: 384337
    - path: src/data/data_ingesion.py
      hash: md5
      md5: 98987bd87dcb387e848ef7c63393e6ce
      size: 1973
    - path: uttils/logger.py
      hash: md5
      md5: 1fe9d70bdf8f09563becc74a11c04afb
      size: 1353
    outs:
    - path: data/processed/cleaned_data.csv
      hash: md5
      md5: b46929c88491060ae23dff070a8f262f
      size: 363911
  feature_engineering_and_model_training:
    cmd: python -m src.features.feature_engineering_and_model_training
    deps:
    - path: data/processed/cleaned_data.csv
      hash: md5
      md5: b46929c88491060ae23dff070a8f262f
      size: 363911
    - path: src/features/feature_engineering_and_model_training.py
      hash: md5
      md5: b5e0ce1d932636c9508a93e890bfed29
      size: 5204
    - path: uttils/logger.py
      hash: md5
      md5: 1fe9d70bdf8f09563becc74a11c04afb
      size: 1353
    outs:
    - path: data/test_data/x_test.csv
      hash: md5
      md5: fb7f4a5c7d3fd5bdf089f7d4f33a0bf3
      size: 64469
    - path: data/test_data/y_test.csv
      hash: md5
      md5: f7c4447f2ff0d1c22b0cd29e3ab125f4
      size: 2575
    - path: models/model_pipe.pkl
      hash: md5
      md5: 7bddad96a8159e1a85dc9ed91a06c48b
      size: 4187
  model_evaluation:
    cmd: python -m src.evaluation.model_evaluation
    deps:
    - path: data/test_data/x_test.csv
      hash: md5
      md5: fb7f4a5c7d3fd5bdf089f7d4f33a0bf3
      size: 64469
    - path: data/test_data/y_test.csv
      hash: md5
      md5: f7c4447f2ff0d1c22b0cd29e3ab125f4
      size: 2575
    - path: models/model_pipe.pkl
      hash: md5
      md5: 7bddad96a8159e1a85dc9ed91a06c48b
      size: 4187
    - path: src/evaluation/model_evaluation.py
      hash: md5
      md5: 9f215c8a7499c566ea343c622bb6751f
      size: 3520
    - path: uttils/logger.py
      hash: md5
      md5: 1fe9d70bdf8f09563becc74a11c04afb
      size: 1353
    outs:
    - path: reports/figures/cm.png
      hash: md5
      md5: c691fae5882540482dddaa58250df798
      size: 13279
    - path: reports/metric_info.json
      hash: md5
      md5: 9fcb5b8c606be6413e31b9593d9ca685
      size: 168
  model_training:
    cmd: python -m src.model.model_pipe
    deps:
    - path: data/processed/cleaned_data.csv
      hash: md5
      md5: b46929c88491060ae23dff070a8f262f
      size: 363911
    - path: src/model/model_pipe.py
      hash: md5
      md5: a47fde11e57becaccbf55523408a21b8
      size: 5199
    - path: uttils/logger.py
      hash: md5
      md5: 1fe9d70bdf8f09563becc74a11c04afb
      size: 1353
    outs:
    - path: data/test_data/x_test.csv
      hash: md5
      md5: fb7f4a5c7d3fd5bdf089f7d4f33a0bf3
      size: 64469
    - path: data/test_data/y_test.csv
      hash: md5
      md5: f7c4447f2ff0d1c22b0cd29e3ab125f4
      size: 2575
    - path: models/model_pipe.pkl
      hash: md5
      md5: 7bddad96a8159e1a85dc9ed91a06c48b
      size: 4187
